
Microsoft Visual Studio Solution File, Format Version 12.00
# Visual Studio Version 17
VisualStudioVersion = 17.7.34018.315
MinimumVisualStudioVersion = 10.0.40219.1
Project("{FAE04EC0-301F-11D3-BF4B-00C04F79EFBC}") = "Personel_Takip_Sistemi(GPT)", "Personel_Takip_Sistemi(GPT)\Personel_Takip_Sistemi(GPT).csproj", "{29824358-678B-41F6-9776-B12C6B53DDD2}"
EndProject
Global
	GlobalSection(SolutionConfigurationPlatforms) = preSolution
		Debug|Any CPU = Debug|Any CPU
		Release|Any CPU = Release|Any CPU
	EndGlobalSection
	GlobalSection(ProjectConfigurationPlatforms) = postSolution
		{29824358-678B-41F6-9776-B12C6B53DDD2}.Debug|Any CPU.ActiveCfg = Debug|Any CPU
		{29824358-678B-41F6-9776-B12C6B53DDD2}.Debug|Any CPU.Build.0 = Debug|Any CPU
		{29824358-678B-41F6-9776-B12C6B53DDD2}.Release|Any CPU.ActiveCfg = Release|Any CPU
		{29824358-678B-41F6-9776-B12C6B53DDD2}.Release|Any CPU.Build.0 = Release|Any CPU
	EndGlobalSection
	GlobalSection(SolutionProperties) = preSolution
		HideSolutionNode = FALSE
	EndGlobalSection
	GlobalSection(ExtensibilityGlobals) = postSolution
		SolutionGuid = {50940379-FA92-4F7C-9AD4-1BF004BFB096}
	EndGlobalSection
EndGlobal
